lockfileVersion: '9.0'

settings:
  autoInstallPeers: true
  excludeLinksFromLockfile: false

importers:

  .:
    dependencies:
      eslint-plugin-oxlint:
        specifier: ^1.11.2
        version: 1.11.2
      jsonc-parser:
        specifier: ^3.3.1
        version: 3.3.1
    devDependencies:
      '@types/node':
        specifier: ^24.2.1
        version: 24.2.1
      oxlint:
        specifier: ^1.11.2
        version: 1.11.2
      typescript:
        specifier: ^5.9.2
        version: 5.9.2

packages:

  '@oxlint-tsgolint/darwin-arm64@0.0.2':
    resolution: {integrity: sha512-LH6tDgvQkF7ui+lNuRjJeaJTdYCfxMXI0j8YTbbLVSHz42EI5DTJDtngsCd2dSlUfKAJqaehECKccqcJ3yueHQ==}
    cpu: [arm64]
    os: [darwin]

  '@oxlint-tsgolint/darwin-x64@0.0.2':
    resolution: {integrity: sha512-VEUXK5h4ZyCM3O++dK7A+IcqwqWv8zfRKyM1vgcIrnQXtwvbs9KFyK6I0BSnMBCV9be67b9Gl7TDeSS8jBchpw==}
    cpu: [x64]
    os: [darwin]

  '@oxlint-tsgolint/linux-arm64@0.0.2':
    resolution: {integrity: sha512-A/NtWuq+u+Y6oAo7p6D18rmkckHL/nx0GrqlZvfHAWOJYXXLanLX0QozPPDoSH8zRwHc7W7t95JU8awS7Krp4Q==}
    cpu: [arm64]
    os: [linux]

  '@oxlint-tsgolint/linux-x64@0.0.2':
    resolution: {integrity: sha512-p42pKfILRhm/cE8Y5BgXlQpM22Q+Olhy9A60VvOW0epu/Vr/FtUa/MbZJ2wGRuAKSm8oW9JhgjIj5laSWAX8vg==}
    cpu: [x64]
    os: [linux]

  '@oxlint-tsgolint/win32-arm64@0.0.2':
    resolution: {integrity: sha512-LTKCeeKZRd4vT+C3y7d0KEYqAzIiLvf/189H6ispKtfyKeQKxOGU+XG9xRP4GovPvZOYL6fIsVxe09BUaNuDnA==}
    cpu: [arm64]
    os: [win32]

  '@oxlint-tsgolint/win32-x64@0.0.2':
    resolution: {integrity: sha512-SdrPYSkBHd43WY5h78ICLVS851/379pzIjUVM1LDltZuAgv209H8f1/g5cdX4gY46RDvV86guLh+PbfMHHugog==}
    cpu: [x64]
    os: [win32]

  '@oxlint/darwin-arm64@1.11.2':
    resolution: {integrity: sha512-eJZ1VKaS9qj44FTus3qTu790xMnJ/GViJcoVF3zNux5m3lOiWhwJB149+P7a7LcTowNdc26i1DmwcWxUllPwZw==}
    cpu: [arm64]
    os: [darwin]

  '@oxlint/darwin-x64@1.11.2':
    resolution: {integrity: sha512-KH9BJ5ObkReIr00IbGaImqL2q4CCjIAk9HxgULvWpjSnqUL7OgJFZAabb9Z5ZS0+RyZrKUtd1ZU/Ackb6k4G3Q==}
    cpu: [x64]
    os: [darwin]

  '@oxlint/linux-arm64-gnu@1.11.2':
    resolution: {integrity: sha512-nIhyGApnEuqLazaSwvEkg5pMm2rlBPJccAGrNmJPcMukKbD5fUYyuCvkm9CFUqTm1+MIYrs5bTeRhnDSEa2mYw==}
    cpu: [arm64]
    os: [linux]

  '@oxlint/linux-arm64-musl@1.11.2':
    resolution: {integrity: sha512-ifrqaBwVYt3g6GUbIwF9G9pTvkIvbs47F47oSjVogdy5hn2yEEi1zxyYGV9AFF3zVMgp2xDIO8G/gTuz1WPHkg==}
    cpu: [arm64]
    os: [linux]

  '@oxlint/linux-x64-gnu@1.11.2':
    resolution: {integrity: sha512-yWCgoOQ0xA/AxJ7ruLMR/YMKYEwV048vrWftZGCjKPYgZeZe9bpghAoRlLi6qjw7ReNpctk9Ho+l35TYXNqhzA==}
    cpu: [x64]
    os: [linux]

  '@oxlint/linux-x64-musl@1.11.2':
    resolution: {integrity: sha512-nYer9TaY/gC+kVwOfb9DxZh0dNdqFI8ax/MD9TwH8p3ZnWuUe1Ocfpg0V94tuPoGxHFqcXU7GRD1cTvREHfcTg==}
    cpu: [x64]
    os: [linux]

  '@oxlint/win32-arm64@1.11.2':
    resolution: {integrity: sha512-zbfZ7r68MyxQ2GAg/jFzIQCFrL8lcwnxfIEqY+V16/Xcd1rZVfMH3PwJMloib26pOLH6/RUlC5IjdVo8icadHA==}
    cpu: [arm64]
    os: [win32]

  '@oxlint/win32-x64@1.11.2':
    resolution: {integrity: sha512-eSATaCIUwdh+t9gu9xoETjh+0PYwjVSLtnZ20XakKNjvee4KmQbWXCxXyA1vz1E0qxiUX/fYqsaOHueIwQ2LVA==}
    cpu: [x64]
    os: [win32]

  '@types/node@24.2.1':
    resolution: {integrity: sha512-DRh5K+ka5eJic8CjH7td8QpYEV6Zo10gfRkjHCO3weqZHWDtAaSTFtl4+VMqOJ4N5jcuhZ9/l+yy8rVgw7BQeQ==}

  eslint-plugin-oxlint@1.11.2:
    resolution: {integrity: sha512-I2dxNhSfaPdgCWoHcS4gFQ50gr+95WeQZiLJv7XlC4WXmqFtcG3gheRuz9efV5xcEwJO152HpxEngoGoxNUK8A==}

  jsonc-parser@3.3.1:
    resolution: {integrity: sha512-HUgH65KyejrUFPvHFPbqOY0rsFip3Bo5wb4ngvdi1EpCYWUQDC5V+Y7mZws+DLkr4M//zQJoanu1SP+87Dv1oQ==}

  oxlint-tsgolint@0.0.2:
    resolution: {integrity: sha512-afl7YXlHyiLb7YxL6ixAQ/1JLBy52vzk07+fTT53tPdyUZPpbkJz1CJMGNLteaX1t+vDq6wXdCj4xTO2jcViGQ==}
    hasBin: true

  oxlint@1.11.2:
    resolution: {integrity: sha512-/MDUxbel5vrwxWgiGU6hZzhDiTv0TUlyZak+WP+SaTO709du+6F07zCDvYj5lgkAnEcFbdrUlA67HEnleGR0Zw==}
    engines: {node: '>=8.*'}
    hasBin: true

  typescript@5.9.2:
    resolution: {integrity: sha512-CWBzXQrc/qOkhidw1OzBTQuYRbfyxDXJMVJ1XNwUHGROVmuaeiEm3OslpZ1RV96d7SKKjZKrSJu3+t/xlw3R9A==}
    engines: {node: '>=14.17'}
    hasBin: true

  undici-types@7.10.0:
    resolution: {integrity: sha512-t5Fy/nfn+14LuOc2KNYg75vZqClpAiqscVvMygNnlsHBFpSXdJaYtXMcdNLpl/Qvc3P2cB3s6lOV51nqsFq4ag==}

snapshots:

  '@oxlint-tsgolint/darwin-arm64@0.0.2':
    optional: true

  '@oxlint-tsgolint/darwin-x64@0.0.2':
    optional: true

  '@oxlint-tsgolint/linux-arm64@0.0.2':
    optional: true

  '@oxlint-tsgolint/linux-x64@0.0.2':
    optional: true

  '@oxlint-tsgolint/win32-arm64@0.0.2':
    optional: true

  '@oxlint-tsgolint/win32-x64@0.0.2':
    optional: true

  '@oxlint/darwin-arm64@1.11.2':
    optional: true

  '@oxlint/darwin-x64@1.11.2':
    optional: true

  '@oxlint/linux-arm64-gnu@1.11.2':
    optional: true

  '@oxlint/linux-arm64-musl@1.11.2':
    optional: true

  '@oxlint/linux-x64-gnu@1.11.2':
    optional: true

  '@oxlint/linux-x64-musl@1.11.2':
    optional: true

  '@oxlint/win32-arm64@1.11.2':
    optional: true

  '@oxlint/win32-x64@1.11.2':
    optional: true

  '@types/node@24.2.1':
    dependencies:
      undici-types: 7.10.0

  eslint-plugin-oxlint@1.11.2:
    dependencies:
      jsonc-parser: 3.3.1

  jsonc-parser@3.3.1: {}

  oxlint-tsgolint@0.0.2:
    optionalDependencies:
      '@oxlint-tsgolint/darwin-arm64': 0.0.2
      '@oxlint-tsgolint/darwin-x64': 0.0.2
      '@oxlint-tsgolint/linux-arm64': 0.0.2
      '@oxlint-tsgolint/linux-x64': 0.0.2
      '@oxlint-tsgolint/win32-arm64': 0.0.2
      '@oxlint-tsgolint/win32-x64': 0.0.2
    optional: true

  oxlint@1.11.2:
    optionalDependencies:
      '@oxlint/darwin-arm64': 1.11.2
      '@oxlint/darwin-x64': 1.11.2
      '@oxlint/linux-arm64-gnu': 1.11.2
      '@oxlint/linux-arm64-musl': 1.11.2
      '@oxlint/linux-x64-gnu': 1.11.2
      '@oxlint/linux-x64-musl': 1.11.2
      '@oxlint/win32-arm64': 1.11.2
      '@oxlint/win32-x64': 1.11.2
      oxlint-tsgolint: 0.0.2

  typescript@5.9.2: {}

  undici-types@7.10.0: {}
